<?xml version="1.0" encoding="UTF-8" standalone="yes" ?>
<CodeBlocks_project_file>
	<FileVersion major="1" minor="6" />
	<Project>
		<Option title="FinalFinal" />
		<Option pch_mode="2" />
		<Option compiler="gcc" />
		<Build>
			<Target title="Debug">
				<Option output="bin/Debug/FinalFinal" prefix_auto="1" extension_auto="1" />
				<Option object_output="obj/Debug/" />
				<Option type="1" />
				<Option compiler="gcc" />
				<Compiler>
					<Add option="-g" />
				</Compiler>
			</Target>
			<Target title="Release">
				<Option output="bin/Release/FinalFinal" prefix_auto="1" extension_auto="1" />
				<Option object_output="obj/Release/" />
				<Option type="1" />
				<Option compiler="gcc" />
				<Compiler>
					<Add option="-O2" />
				</Compiler>
				<Linker>
					<Add option="-s" />
				</Linker>
			</Target>
		</Build>
		<Compiler>
			<Add option="-Wall" />
		</Compiler>
		<Unit filename="Initialise.c">
			<Option compilerVar="CC" />
		</Unit>
		<Unit filename="Initialise.h" />
		<Unit filename="findPlayerMoves.c">
			<Option compilerVar="CC" />
		</Unit>
		<Unit filename="findPlayerMoves.h" />
		<Unit filename="flipTiles.c">
			<Option compilerVar="CC" />
		</Unit>
		<Unit filename="flipTiles.h" />
		<Unit filename="gameOver.c">
			<Option compilerVar="CC" />
		</Unit>
		<Unit filename="gameOver.h" />
		<Unit filename="main.c">
			<Option compilerVar="CC" />
		</Unit>
		<Unit filename="makePlayerMove.c">
			<Option compilerVar="CC" />
		</Unit>
		<Unit filename="makePlayerMove.h" />
		<Unit filename="playerTurns.c">
			<Option compilerVar="CC" />
		</Unit>
		<Unit filename="playerTurns.h" />
		<Extensions>
			<code_completion />
			<envvars />
			<debugger />
			<lib_finder disable_auto="1" />
		</Extensions>
	</Project>
</CodeBlocks_project_file>
